
Microsoft Visual Studio Solution File, Format Version 12.00
# Visual Studio Version 16
VisualStudioVersion = 16.0.29418.71
MinimumVisualStudioVersion = 10.0.40219.1
Project("{FAE04EC0-301F-11D3-BF4B-00C04F79EFBC}") = "IdiotBot.Business", "IdiotBot.Business\IdiotBot.Business.csproj", "{7E197E72-D17F-4D7C-8B26-FD950F2D0EBD}"
EndProject
Project("{FAE04EC0-301F-11D3-BF4B-00C04F79EFBC}") = "IdiotBot.Api", "IdiotBot.Api\IdiotBot.Api.csproj", "{2F2FBFB0-F1BE-47CF-B9FB-3BC3FA173F9A}"
EndProject
Global
	GlobalSection(SolutionConfigurationPlatforms) = preSolution
		Debug|Any CPU = Debug|Any CPU
		Release|Any CPU = Release|Any CPU
	EndGlobalSection
	GlobalSection(ProjectConfigurationPlatforms) = postSolution
		{7E197E72-D17F-4D7C-8B26-FD950F2D0EBD}.Debug|Any CPU.ActiveCfg = Debug|Any CPU
		{7E197E72-D17F-4D7C-8B26-FD950F2D0EBD}.Debug|Any CPU.Build.0 = Debug|Any CPU
		{7E197E72-D17F-4D7C-8B26-FD950F2D0EBD}.Release|Any CPU.ActiveCfg = Release|Any CPU
		{7E197E72-D17F-4D7C-8B26-FD950F2D0EBD}.Release|Any CPU.Build.0 = Release|Any CPU
		{2F2FBFB0-F1BE-47CF-B9FB-3BC3FA173F9A}.Debug|Any CPU.ActiveCfg = Debug|Any CPU
		{2F2FBFB0-F1BE-47CF-B9FB-3BC3FA173F9A}.Debug|Any CPU.Build.0 = Debug|Any CPU
		{2F2FBFB0-F1BE-47CF-B9FB-3BC3FA173F9A}.Release|Any CPU.ActiveCfg = Release|Any CPU
		{2F2FBFB0-F1BE-47CF-B9FB-3BC3FA173F9A}.Release|Any CPU.Build.0 = Release|Any CPU
	EndGlobalSection
	GlobalSection(SolutionProperties) = preSolution
		HideSolutionNode = FALSE
	EndGlobalSection
	GlobalSection(ExtensibilityGlobals) = postSolution
		SolutionGuid = {7DDAD6DC-E087-4C77-911F-58AFFFA2C5CA}
	EndGlobalSection
EndGlobal
